
Microsoft Visual Studio Solution File, Format Version 12.00
# Visual Studio 2012
Project("{FAE04EC0-301F-11D3-BF4B-00C04F79EFBC}") = "DynamicPages", "DynamicPages\DynamicPages.csproj", "{607DE1E8-185B-4361-9C23-B04715778F8D}"
EndProject
Project("{FAE04EC0-301F-11D3-BF4B-00C04F79EFBC}") = "DynamicPages.Tests", "DynamicPages.Tests\DynamicPages.Tests.csproj", "{55F4E507-BCA5-4E85-BECF-C4A4251AAD4A}"
EndProject
Global
	GlobalSection(SolutionConfigurationPlatforms) = preSolution
		Debug|Any CPU = Debug|Any CPU
		Release|Any CPU = Release|Any CPU
	EndGlobalSection
	GlobalSection(ProjectConfigurationPlatforms) = postSolution
		{607DE1E8-185B-4361-9C23-B04715778F8D}.Debug|Any CPU.ActiveCfg = Debug|Any CPU
		{607DE1E8-185B-4361-9C23-B04715778F8D}.Debug|Any CPU.Build.0 = Debug|Any CPU
		{607DE1E8-185B-4361-9C23-B04715778F8D}.Release|Any CPU.ActiveCfg = Release|Any CPU
		{607DE1E8-185B-4361-9C23-B04715778F8D}.Release|Any CPU.Build.0 = Release|Any CPU
		{55F4E507-BCA5-4E85-BECF-C4A4251AAD4A}.Debug|Any CPU.ActiveCfg = Debug|Any CPU
		{55F4E507-BCA5-4E85-BECF-C4A4251AAD4A}.Debug|Any CPU.Build.0 = Debug|Any CPU
		{55F4E507-BCA5-4E85-BECF-C4A4251AAD4A}.Release|Any CPU.ActiveCfg = Release|Any CPU
		{55F4E507-BCA5-4E85-BECF-C4A4251AAD4A}.Release|Any CPU.Build.0 = Release|Any CPU
	EndGlobalSection
	GlobalSection(SolutionProperties) = preSolution
		HideSolutionNode = FALSE
	EndGlobalSection
EndGlobal
